
Microsoft Visual Studio Solution File, Format Version 12.00
# Visual Studio Version 17
VisualStudioVersion = 17.9.34728.123
MinimumVisualStudioVersion = 10.0.40219.1
Project("{2150E333-8FDC-42A3-9474-1A3956D46DE8}") = "DC", "DC", "{3F8ACCE4-5277-4FBD-83FC-F4B39C796F70}"
EndProject
Project("{E53339B2-1760-4266-BCC7-CA923CBCF16C}") = "Backend.DC.development", "Backend.DC.development.dcproj", "{A2B6837B-6D7C-4636-B0B1-691A65CEF667}"
EndProject
Project("{E53339B2-1760-4266-BCC7-CA923CBCF16C}") = "Backend.DC.production", "Backend.DC.production.dcproj", "{0350957C-E63A-4945-9399-6954EE7CD6D2}"
EndProject
Project("{E53339B2-1760-4266-BCC7-CA923CBCF16C}") = "Backend.DC.staging", "Backend.DC.staging.dcproj", "{96BCB957-B713-4370-9F4D-424E3A85E4F5}"
EndProject
Project("{2150E333-8FDC-42A3-9474-1A3956D46DE8}") = "Solution Items", "Solution Items", "{5E499B8F-6592-47F6-B36A-FC1B9A0E3860}"
	ProjectSection(SolutionItems) = preProject
		.editorconfig = .editorconfig
		.gitignore = .gitignore
		Directory.Build.props = Directory.Build.props
		Directory.Packages.props = Directory.Packages.props
		..\..\README.md = ..\..\README.md
	EndProjectSection
EndProject
Project("{2150E333-8FDC-42A3-9474-1A3956D46DE8}") = "src", "src", "{A0BF25FD-1238-4843-8AB9-6255F514FFDE}"
EndProject
Project("{2150E333-8FDC-42A3-9474-1A3956D46DE8}") = "Gateway", "Gateway", "{9A3981A0-EA51-46CA-A799-E9767DDBBD05}"
EndProject
Project("{2150E333-8FDC-42A3-9474-1A3956D46DE8}") = "Apps", "Apps", "{82FA9459-1253-4BEA-BCD0-63873476E8AB}"
EndProject
Project("{2150E333-8FDC-42A3-9474-1A3956D46DE8}") = "Infrastructure", "Infrastructure", "{18DD0FDF-1AE5-4099-B54E-43615FB3D3D0}"
EndProject
Project("{FAE04EC0-301F-11D3-BF4B-00C04F79EFBC}") = "Makc.Dummy.Gateway.Infrastructure.Core", "src\Gateway\src\Infrastructure\Core\Makc.Dummy.Gateway.Infrastructure.Core.csproj", "{0F05E124-70D3-43D2-B4F5-4A1C10B01198}"
EndProject
Project("{FAE04EC0-301F-11D3-BF4B-00C04F79EFBC}") = "Makc.Dummy.Gateway.Infrastructure.GrpcForReader", "src\Gateway\src\Infrastructure\GrpcForReader\Makc.Dummy.Gateway.Infrastructure.GrpcForReader.csproj", "{9E87A5CC-6E3F-4915-9F67-7D8EEDCFEFD9}"
EndProject
Project("{FAE04EC0-301F-11D3-BF4B-00C04F79EFBC}") = "Makc.Dummy.Gateway.Infrastructure.GrpcForWriter", "src\Gateway\src\Infrastructure\GrpcForWriter\Makc.Dummy.Gateway.Infrastructure.GrpcForWriter.csproj", "{A1E90898-346E-4B12-89A4-AFDD3B12AEA6}"
EndProject
Project("{FAE04EC0-301F-11D3-BF4B-00C04F79EFBC}") = "Makc.Dummy.Gateway.Infrastructure.HttpForKeycloak", "src\Gateway\src\Infrastructure\HttpForKeycloak\Makc.Dummy.Gateway.Infrastructure.HttpForKeycloak.csproj", "{0450E875-383D-41ED-81FA-A165204AF085}"
EndProject
Project("{FAE04EC0-301F-11D3-BF4B-00C04F79EFBC}") = "Makc.Dummy.Gateway.Infrastructure.HttpForReader", "src\Gateway\src\Infrastructure\HttpForReader\Makc.Dummy.Gateway.Infrastructure.HttpForReader.csproj", "{12FB8EB0-51AB-4BCF-BD23-B296F85D047A}"
EndProject
Project("{FAE04EC0-301F-11D3-BF4B-00C04F79EFBC}") = "Makc.Dummy.Gateway.Infrastructure.HttpForWriter", "src\Gateway\src\Infrastructure\HttpForWriter\Makc.Dummy.Gateway.Infrastructure.HttpForWriter.csproj", "{B6A14BA9-BC9F-408A-BD52-31D26CACE903}"
EndProject
Project("{9A19103F-16F7-4668-BE54-9A1E7A4F7556}") = "Makc.Dummy.Gateway.Apps.WebApp", "src\Gateway\src\Apps\WebApp\Makc.Dummy.Gateway.Apps.WebApp.csproj", "{5FB86F58-CE4B-4523-BD6B-842E531EA1B8}"
EndProject
Project("{9A19103F-16F7-4668-BE54-9A1E7A4F7556}") = "Makc.Dummy.Gateway.DomainModel", "src\Gateway\src\DomainModel\Makc.Dummy.Gateway.DomainModel.csproj", "{9F11CE26-C2C8-4F06-B454-6374CBC66EBD}"
EndProject
Project("{FAE04EC0-301F-11D3-BF4B-00C04F79EFBC}") = "Makc.Dummy.Gateway.DomainUseCases", "src\Gateway\src\DomainUseCases\Makc.Dummy.Gateway.DomainUseCases.csproj", "{9C3E26F8-E9A0-46C1-9616-9530CCCB84F6}"
EndProject
Project("{FAE04EC0-301F-11D3-BF4B-00C04F79EFBC}") = "Makc.Dummy.Gateway.DomainUseCasesForReader", "src\Gateway\src\DomainUseCasesForReader\Makc.Dummy.Gateway.DomainUseCasesForReader.csproj", "{919328DF-1E28-4BC1-A4A3-7864D2EEF8E8}"
EndProject
Project("{9A19103F-16F7-4668-BE54-9A1E7A4F7556}") = "Makc.Dummy.Gateway.DomainUseCasesForWriter", "src\Gateway\src\DomainUseCasesForWriter\Makc.Dummy.Gateway.DomainUseCasesForWriter.csproj", "{1038A4F6-E393-4A80-A7D5-F34BCE77EE95}"
EndProject
Project("{2150E333-8FDC-42A3-9474-1A3956D46DE8}") = "Reader", "Reader", "{86D0AEEE-A675-4B81-A5AE-BC08F9C92803}"
EndProject
Project("{2150E333-8FDC-42A3-9474-1A3956D46DE8}") = "Apps", "Apps", "{77C4E24B-11C3-4777-88E6-F070D4E24679}"
EndProject
Project("{FAE04EC0-301F-11D3-BF4B-00C04F79EFBC}") = "Makc.Dummy.Reader.Apps.WebApp", "src\Reader\src\Apps\WebApp\Makc.Dummy.Reader.Apps.WebApp.csproj", "{D2294B1F-D088-4CAD-9D71-61EF0C319C48}"
EndProject
Project("{FAE04EC0-301F-11D3-BF4B-00C04F79EFBC}") = "Makc.Dummy.Reader.Apps.WorkerApp", "src\Reader\src\Apps\WorkerApp\Makc.Dummy.Reader.Apps.WorkerApp.csproj", "{F4869ED2-5E54-4052-9211-E83A7F08E190}"
EndProject
Project("{2150E333-8FDC-42A3-9474-1A3956D46DE8}") = "Infrastructure", "Infrastructure", "{A082CE35-1DA2-45DB-B3C3-C79FE26E3182}"
EndProject
Project("{FAE04EC0-301F-11D3-BF4B-00C04F79EFBC}") = "Makc.Dummy.Reader.Infrastructure.Core", "src\Reader\src\Infrastructure\Core\Makc.Dummy.Reader.Infrastructure.Core.csproj", "{D6C2A47B-1105-4534-A3F5-06602C872DB5}"
EndProject
Project("{FAE04EC0-301F-11D3-BF4B-00C04F79EFBC}") = "Makc.Dummy.Reader.Infrastructure.Grpc", "src\Reader\src\Infrastructure\Grpc\Makc.Dummy.Reader.Infrastructure.Grpc.csproj", "{5A3EE507-0FEC-4F8E-8BC2-E7546907F6F0}"
EndProject
Project("{FAE04EC0-301F-11D3-BF4B-00C04F79EFBC}") = "Makc.Dummy.Reader.Infrastructure.Kafka", "src\Reader\src\Infrastructure\Kafka\Makc.Dummy.Reader.Infrastructure.Kafka.csproj", "{07FC0CE3-C064-4663-9962-1A06CD8BD544}"
EndProject
Project("{FAE04EC0-301F-11D3-BF4B-00C04F79EFBC}") = "Makc.Dummy.Reader.Infrastructure.MongoDB", "src\Reader\src\Infrastructure\MongoDB\Makc.Dummy.Reader.Infrastructure.MongoDB.csproj", "{C61BBE7F-A556-44A4-8F3E-FA47445B9217}"
EndProject
Project("{FAE04EC0-301F-11D3-BF4B-00C04F79EFBC}") = "Makc.Dummy.Reader.Infrastructure.RabbitMQ", "src\Reader\src\Infrastructure\RabbitMQ\Makc.Dummy.Reader.Infrastructure.RabbitMQ.csproj", "{C65F2CCD-464C-44A9-910D-09F170A4AA65}"
EndProject
Project("{FAE04EC0-301F-11D3-BF4B-00C04F79EFBC}") = "Makc.Dummy.Reader.DomainModel", "src\Reader\src\DomainModel\Makc.Dummy.Reader.DomainModel.csproj", "{2553E8A2-FE66-42DC-B257-777132F21B56}"
EndProject
Project("{FAE04EC0-301F-11D3-BF4B-00C04F79EFBC}") = "Makc.Dummy.Reader.DomainUseCases", "src\Reader\src\DomainUseCases\Makc.Dummy.Reader.DomainUseCases.csproj", "{637649B5-DF75-4F47-8417-A1AE0E774122}"
EndProject
Project("{2150E333-8FDC-42A3-9474-1A3956D46DE8}") = "Shared", "Shared", "{B73144DE-9449-42F1-A63D-86D609EA6C52}"
EndProject
Project("{2150E333-8FDC-42A3-9474-1A3956D46DE8}") = "Apps", "Apps", "{B773FF10-0FEC-4E92-8FBC-32B79DA3DA75}"
EndProject
Project("{FAE04EC0-301F-11D3-BF4B-00C04F79EFBC}") = "Makc.Dummy.Shared.Apps.WebApp", "src\Shared\src\Apps\WebApp\Makc.Dummy.Shared.Apps.WebApp.csproj", "{DD6079B4-D4A1-495F-A54E-EAD2FAAFEB18}"
EndProject
Project("{2150E333-8FDC-42A3-9474-1A3956D46DE8}") = "Infrastructure", "Infrastructure", "{41A955CE-E424-4940-AD9C-AB4FC08EA4D4}"
EndProject
Project("{FAE04EC0-301F-11D3-BF4B-00C04F79EFBC}") = "Makc.Dummy.Shared.Infrastructure.Core", "src\Shared\src\Infrastructure\Core\Makc.Dummy.Shared.Infrastructure.Core.csproj", "{CBA5CC36-3875-4E31-8EBE-B24AF545B822}"
EndProject
Project("{FAE04EC0-301F-11D3-BF4B-00C04F79EFBC}") = "Makc.Dummy.Shared.Infrastructure.CoreForOpenTelemetry", "src\Shared\src\Infrastructure\CoreForOpenTelemetry\Makc.Dummy.Shared.Infrastructure.CoreForOpenTelemetry.csproj", "{34CB55CD-2E95-4DC2-9198-D12BE8D94349}"
EndProject
Project("{FAE04EC0-301F-11D3-BF4B-00C04F79EFBC}") = "Makc.Dummy.Shared.Infrastructure.CoreForOpenTelemetryInWeb", "src\Shared\src\Infrastructure\CoreForOpenTelemetryInWeb\Makc.Dummy.Shared.Infrastructure.CoreForOpenTelemetryInWeb.csproj", "{4FA1C132-21FD-4F33-A7D3-BA7A3C434CC5}"
EndProject
Project("{FAE04EC0-301F-11D3-BF4B-00C04F79EFBC}") = "Makc.Dummy.Shared.Infrastructure.Dapper", "src\Shared\src\Infrastructure\Dapper\Makc.Dummy.Shared.Infrastructure.Dapper.csproj", "{E80CEB4E-CD6B-424D-8D40-98AF0FC44F40}"
EndProject
Project("{FAE04EC0-301F-11D3-BF4B-00C04F79EFBC}") = "Makc.Dummy.Shared.Infrastructure.EntityFramework", "src\Shared\src\Infrastructure\EntityFramework\Makc.Dummy.Shared.Infrastructure.EntityFramework.csproj", "{3B9C0CAF-C6FA-49B2-9055-F36CBF8A1BF9}"
EndProject
Project("{FAE04EC0-301F-11D3-BF4B-00C04F79EFBC}") = "Makc.Dummy.Shared.Infrastructure.Grpc", "src\Shared\src\Infrastructure\Grpc\Makc.Dummy.Shared.Infrastructure.Grpc.csproj", "{1BE2A0DD-8500-4B12-9078-72F8BF45A3DC}"
EndProject
Project("{FAE04EC0-301F-11D3-BF4B-00C04F79EFBC}") = "Makc.Dummy.Shared.Infrastructure.Kafka", "src\Shared\src\Infrastructure\Kafka\Makc.Dummy.Shared.Infrastructure.Kafka.csproj", "{AE131D9B-8031-4D51-A8FB-432C2BED062B}"
EndProject
Project("{FAE04EC0-301F-11D3-BF4B-00C04F79EFBC}") = "Makc.Dummy.Shared.Infrastructure.MongoDB", "src\Shared\src\Infrastructure\MongoDB\Makc.Dummy.Shared.Infrastructure.MongoDB.csproj", "{254A0172-D17A-421E-90B9-3E693D512613}"
EndProject
Project("{FAE04EC0-301F-11D3-BF4B-00C04F79EFBC}") = "Makc.Dummy.Shared.Infrastructure.MSSQLServer", "src\Shared\src\Infrastructure\MSSQLServer\Makc.Dummy.Shared.Infrastructure.MSSQLServer.csproj", "{2B03D07E-AE1D-4C7C-8E0D-7CA6F4DEB0B7}"
EndProject
Project("{FAE04EC0-301F-11D3-BF4B-00C04F79EFBC}") = "Makc.Dummy.Shared.Infrastructure.PostgreSQL", "src\Shared\src\Infrastructure\PostgreSQL\Makc.Dummy.Shared.Infrastructure.PostgreSQL.csproj", "{AE74EC85-9249-497F-999B-328128485691}"
EndProject
Project("{FAE04EC0-301F-11D3-BF4B-00C04F79EFBC}") = "Makc.Dummy.Shared.Infrastructure.RabbitMQ", "src\Shared\src\Infrastructure\RabbitMQ\Makc.Dummy.Shared.Infrastructure.RabbitMQ.csproj", "{D6B63381-8B32-4ECE-ADC0-C9148E807C78}"
EndProject
Project("{9A19103F-16F7-4668-BE54-9A1E7A4F7556}") = "Makc.Dummy.Shared.Core", "src\Shared\src\Core\Makc.Dummy.Shared.Core.csproj", "{E27F84C2-9589-401B-87FB-F05BC4535A6F}"
EndProject
Project("{FAE04EC0-301F-11D3-BF4B-00C04F79EFBC}") = "Makc.Dummy.Shared.DomainModel", "src\Shared\src\DomainModel\Makc.Dummy.Shared.DomainModel.csproj", "{57192CE6-11BF-4587-94A2-CE24005A9EEB}"
EndProject
Project("{FAE04EC0-301F-11D3-BF4B-00C04F79EFBC}") = "Makc.Dummy.Shared.DomainUseCases", "src\Shared\src\DomainUseCases\Makc.Dummy.Shared.DomainUseCases.csproj", "{AA13D732-CA94-4EEF-B915-45E185354328}"
EndProject
Project("{2150E333-8FDC-42A3-9474-1A3956D46DE8}") = "Writer", "Writer", "{79303FD3-E3EE-4B57-BBDC-AFF7EBC56AFD}"
EndProject
Project("{2150E333-8FDC-42A3-9474-1A3956D46DE8}") = "Apps", "Apps", "{0DBD4A79-928C-47E4-9CE0-9237938BBBDF}"
EndProject
Project("{9A19103F-16F7-4668-BE54-9A1E7A4F7556}") = "Makc.Dummy.Writer.Apps.WebApp", "src\Writer\src\Apps\WebApp\Makc.Dummy.Writer.Apps.WebApp.csproj", "{A1A8A57C-A1DB-4862-A04D-05453EF42BAC}"
EndProject
Project("{FAE04EC0-301F-11D3-BF4B-00C04F79EFBC}") = "Makc.Dummy.Writer.Apps.WorkerApp", "src\Writer\src\Apps\WorkerApp\Makc.Dummy.Writer.Apps.WorkerApp.csproj", "{84185C67-7F7B-409C-AEE2-0870AE4AE57C}"
EndProject
Project("{2150E333-8FDC-42A3-9474-1A3956D46DE8}") = "Infrastructure", "Infrastructure", "{ACCAAED2-3AF2-4CF0-BF6B-AF420E9841B5}"
EndProject
Project("{9A19103F-16F7-4668-BE54-9A1E7A4F7556}") = "Makc.Dummy.Writer.Infrastructure.Core", "src\Writer\src\Infrastructure\Core\Makc.Dummy.Writer.Infrastructure.Core.csproj", "{7CD43BF7-23DD-4415-AE73-9D847B0DE0AA}"
EndProject
Project("{FAE04EC0-301F-11D3-BF4B-00C04F79EFBC}") = "Makc.Dummy.Writer.Infrastructure.Dapper", "src\Writer\src\Infrastructure\Dapper\Makc.Dummy.Writer.Infrastructure.Dapper.csproj", "{E6CFB882-3D64-4EC3-B5F8-D61751A294FB}"
EndProject
Project("{FAE04EC0-301F-11D3-BF4B-00C04F79EFBC}") = "Makc.Dummy.Writer.Infrastructure.DapperForMSSQLServer", "src\Writer\src\Infrastructure\DapperForMSSQLServer\Makc.Dummy.Writer.Infrastructure.DapperForMSSQLServer.csproj", "{B0736D6B-0832-4B59-B5FE-5AB778D6D8E3}"
EndProject
Project("{FAE04EC0-301F-11D3-BF4B-00C04F79EFBC}") = "Makc.Dummy.Writer.Infrastructure.DapperForPostgreSQL", "src\Writer\src\Infrastructure\DapperForPostgreSQL\Makc.Dummy.Writer.Infrastructure.DapperForPostgreSQL.csproj", "{EE2DA5B5-3543-4F6A-968C-5F0DE66EEB8E}"
EndProject
Project("{FAE04EC0-301F-11D3-BF4B-00C04F79EFBC}") = "Makc.Dummy.Writer.Infrastructure.EntityFramework", "src\Writer\src\Infrastructure\EntityFramework\Makc.Dummy.Writer.Infrastructure.EntityFramework.csproj", "{1FF14C5E-2AB3-4E26-9CA6-2E5C1103DD8C}"
EndProject
Project("{FAE04EC0-301F-11D3-BF4B-00C04F79EFBC}") = "Makc.Dummy.Writer.Infrastructure.EntityFrameworkForMSSQLServer", "src\Writer\src\Infrastructure\EntityFrameworkForMSSQLServer\Makc.Dummy.Writer.Infrastructure.EntityFrameworkForMSSQLServer.csproj", "{2A46BAE0-998A-4557-BB82-45518FBEBDD9}"
EndProject
Project("{FAE04EC0-301F-11D3-BF4B-00C04F79EFBC}") = "Makc.Dummy.Writer.Infrastructure.EntityFrameworkForPostgreSQL", "src\Writer\src\Infrastructure\EntityFrameworkForPostgreSQL\Makc.Dummy.Writer.Infrastructure.EntityFrameworkForPostgreSQL.csproj", "{CA0AF742-9ED5-4C74-9B4B-BF2B0AC8BA4F}"
EndProject
Project("{FAE04EC0-301F-11D3-BF4B-00C04F79EFBC}") = "Makc.Dummy.Writer.Infrastructure.Grpc", "src\Writer\src\Infrastructure\Grpc\Makc.Dummy.Writer.Infrastructure.Grpc.csproj", "{4F55E592-9885-49D3-907D-5FD5BBB2FECB}"
EndProject
Project("{FAE04EC0-301F-11D3-BF4B-00C04F79EFBC}") = "Makc.Dummy.Writer.Infrastructure.Kafka", "src\Writer\src\Infrastructure\Kafka\Makc.Dummy.Writer.Infrastructure.Kafka.csproj", "{86CDF2B9-426F-487F-BD45-D415869C85EF}"
EndProject
Project("{FAE04EC0-301F-11D3-BF4B-00C04F79EFBC}") = "Makc.Dummy.Writer.Infrastructure.MSSQLServer", "src\Writer\src\Infrastructure\MSSQLServer\Makc.Dummy.Writer.Infrastructure.MSSQLServer.csproj", "{CAEA771E-9ACA-4F12-BF12-5867398B3F0E}"
EndProject
Project("{FAE04EC0-301F-11D3-BF4B-00C04F79EFBC}") = "Makc.Dummy.Writer.Infrastructure.PostgreSQL", "src\Writer\src\Infrastructure\PostgreSQL\Makc.Dummy.Writer.Infrastructure.PostgreSQL.csproj", "{1AD73FB2-E435-424C-B8D7-198699F3BBBC}"
EndProject
Project("{FAE04EC0-301F-11D3-BF4B-00C04F79EFBC}") = "Makc.Dummy.Writer.Infrastructure.RabbitMQ", "src\Writer\src\Infrastructure\RabbitMQ\Makc.Dummy.Writer.Infrastructure.RabbitMQ.csproj", "{24B21428-536B-4ED5-BF13-6BAC6A06FB80}"
EndProject
Project("{9A19103F-16F7-4668-BE54-9A1E7A4F7556}") = "Makc.Dummy.Writer.DomainModel", "src\Writer\src\DomainModel\Makc.Dummy.Writer.DomainModel.csproj", "{2F81EAA0-6B77-4304-8E38-FE3C28CE79E0}"
EndProject
Project("{9A19103F-16F7-4668-BE54-9A1E7A4F7556}") = "Makc.Dummy.Writer.DomainUseCases", "src\Writer\src\DomainUseCases\Makc.Dummy.Writer.DomainUseCases.csproj", "{43031B59-296A-46B7-B778-AF0066EB77B7}"
EndProject
Global
	GlobalSection(SolutionConfigurationPlatforms) = preSolution
		Debug|Any CPU = Debug|Any CPU
		Release|Any CPU = Release|Any CPU
	EndGlobalSection
	GlobalSection(ProjectConfigurationPlatforms) = postSolution
		{A2B6837B-6D7C-4636-B0B1-691A65CEF667}.Debug|Any CPU.ActiveCfg = Debug|Any CPU
		{A2B6837B-6D7C-4636-B0B1-691A65CEF667}.Debug|Any CPU.Build.0 = Debug|Any CPU
		{A2B6837B-6D7C-4636-B0B1-691A65CEF667}.Release|Any CPU.ActiveCfg = Release|Any CPU
		{A2B6837B-6D7C-4636-B0B1-691A65CEF667}.Release|Any CPU.Build.0 = Release|Any CPU
		{0350957C-E63A-4945-9399-6954EE7CD6D2}.Debug|Any CPU.ActiveCfg = Debug|Any CPU
		{0350957C-E63A-4945-9399-6954EE7CD6D2}.Debug|Any CPU.Build.0 = Debug|Any CPU
		{0350957C-E63A-4945-9399-6954EE7CD6D2}.Release|Any CPU.ActiveCfg = Release|Any CPU
		{0350957C-E63A-4945-9399-6954EE7CD6D2}.Release|Any CPU.Build.0 = Release|Any CPU
		{96BCB957-B713-4370-9F4D-424E3A85E4F5}.Debug|Any CPU.ActiveCfg = Debug|Any CPU
		{96BCB957-B713-4370-9F4D-424E3A85E4F5}.Debug|Any CPU.Build.0 = Debug|Any CPU
		{96BCB957-B713-4370-9F4D-424E3A85E4F5}.Release|Any CPU.ActiveCfg = Release|Any CPU
		{96BCB957-B713-4370-9F4D-424E3A85E4F5}.Release|Any CPU.Build.0 = Release|Any CPU
		{0F05E124-70D3-43D2-B4F5-4A1C10B01198}.Debug|Any CPU.ActiveCfg = Debug|Any CPU
		{0F05E124-70D3-43D2-B4F5-4A1C10B01198}.Debug|Any CPU.Build.0 = Debug|Any CPU
		{0F05E124-70D3-43D2-B4F5-4A1C10B01198}.Release|Any CPU.ActiveCfg = Release|Any CPU
		{0F05E124-70D3-43D2-B4F5-4A1C10B01198}.Release|Any CPU.Build.0 = Release|Any CPU
		{9E87A5CC-6E3F-4915-9F67-7D8EEDCFEFD9}.Debug|Any CPU.ActiveCfg = Debug|Any CPU
		{9E87A5CC-6E3F-4915-9F67-7D8EEDCFEFD9}.Debug|Any CPU.Build.0 = Debug|Any CPU
		{9E87A5CC-6E3F-4915-9F67-7D8EEDCFEFD9}.Release|Any CPU.ActiveCfg = Release|Any CPU
		{9E87A5CC-6E3F-4915-9F67-7D8EEDCFEFD9}.Release|Any CPU.Build.0 = Release|Any CPU
		{A1E90898-346E-4B12-89A4-AFDD3B12AEA6}.Debug|Any CPU.ActiveCfg = Debug|Any CPU
		{A1E90898-346E-4B12-89A4-AFDD3B12AEA6}.Debug|Any CPU.Build.0 = Debug|Any CPU
		{A1E90898-346E-4B12-89A4-AFDD3B12AEA6}.Release|Any CPU.ActiveCfg = Release|Any CPU
		{A1E90898-346E-4B12-89A4-AFDD3B12AEA6}.Release|Any CPU.Build.0 = Release|Any CPU
		{0450E875-383D-41ED-81FA-A165204AF085}.Debug|Any CPU.ActiveCfg = Debug|Any CPU
		{0450E875-383D-41ED-81FA-A165204AF085}.Debug|Any CPU.Build.0 = Debug|Any CPU
		{0450E875-383D-41ED-81FA-A165204AF085}.Release|Any CPU.ActiveCfg = Release|Any CPU
		{0450E875-383D-41ED-81FA-A165204AF085}.Release|Any CPU.Build.0 = Release|Any CPU
		{12FB8EB0-51AB-4BCF-BD23-B296F85D047A}.Debug|Any CPU.ActiveCfg = Debug|Any CPU
		{12FB8EB0-51AB-4BCF-BD23-B296F85D047A}.Debug|Any CPU.Build.0 = Debug|Any CPU
		{12FB8EB0-51AB-4BCF-BD23-B296F85D047A}.Release|Any CPU.ActiveCfg = Release|Any CPU
		{12FB8EB0-51AB-4BCF-BD23-B296F85D047A}.Release|Any CPU.Build.0 = Release|Any CPU
		{B6A14BA9-BC9F-408A-BD52-31D26CACE903}.Debug|Any CPU.ActiveCfg = Debug|Any CPU
		{B6A14BA9-BC9F-408A-BD52-31D26CACE903}.Debug|Any CPU.Build.0 = Debug|Any CPU
		{B6A14BA9-BC9F-408A-BD52-31D26CACE903}.Release|Any CPU.ActiveCfg = Release|Any CPU
		{B6A14BA9-BC9F-408A-BD52-31D26CACE903}.Release|Any CPU.Build.0 = Release|Any CPU
		{5FB86F58-CE4B-4523-BD6B-842E531EA1B8}.Debug|Any CPU.ActiveCfg = Debug|Any CPU
		{5FB86F58-CE4B-4523-BD6B-842E531EA1B8}.Debug|Any CPU.Build.0 = Debug|Any CPU
		{5FB86F58-CE4B-4523-BD6B-842E531EA1B8}.Release|Any CPU.ActiveCfg = Release|Any CPU
		{5FB86F58-CE4B-4523-BD6B-842E531EA1B8}.Release|Any CPU.Build.0 = Release|Any CPU
		{9F11CE26-C2C8-4F06-B454-6374CBC66EBD}.Debug|Any CPU.ActiveCfg = Debug|Any CPU
		{9F11CE26-C2C8-4F06-B454-6374CBC66EBD}.Debug|Any CPU.Build.0 = Debug|Any CPU
		{9F11CE26-C2C8-4F06-B454-6374CBC66EBD}.Release|Any CPU.ActiveCfg = Release|Any CPU
		{9F11CE26-C2C8-4F06-B454-6374CBC66EBD}.Release|Any CPU.Build.0 = Release|Any CPU
		{9C3E26F8-E9A0-46C1-9616-9530CCCB84F6}.Debug|Any CPU.ActiveCfg = Debug|Any CPU
		{9C3E26F8-E9A0-46C1-9616-9530CCCB84F6}.Debug|Any CPU.Build.0 = Debug|Any CPU
		{9C3E26F8-E9A0-46C1-9616-9530CCCB84F6}.Release|Any CPU.ActiveCfg = Release|Any CPU
		{9C3E26F8-E9A0-46C1-9616-9530CCCB84F6}.Release|Any CPU.Build.0 = Release|Any CPU
		{919328DF-1E28-4BC1-A4A3-7864D2EEF8E8}.Debug|Any CPU.ActiveCfg = Debug|Any CPU
		{919328DF-1E28-4BC1-A4A3-7864D2EEF8E8}.Debug|Any CPU.Build.0 = Debug|Any CPU
		{919328DF-1E28-4BC1-A4A3-7864D2EEF8E8}.Release|Any CPU.ActiveCfg = Release|Any CPU
		{919328DF-1E28-4BC1-A4A3-7864D2EEF8E8}.Release|Any CPU.Build.0 = Release|Any CPU
		{1038A4F6-E393-4A80-A7D5-F34BCE77EE95}.Debug|Any CPU.ActiveCfg = Debug|Any CPU
		{1038A4F6-E393-4A80-A7D5-F34BCE77EE95}.Debug|Any CPU.Build.0 = Debug|Any CPU
		{1038A4F6-E393-4A80-A7D5-F34BCE77EE95}.Release|Any CPU.ActiveCfg = Release|Any CPU
		{1038A4F6-E393-4A80-A7D5-F34BCE77EE95}.Release|Any CPU.Build.0 = Release|Any CPU
		{F4869ED2-5E54-4052-9211-E83A7F08E190}.Debug|Any CPU.ActiveCfg = Debug|Any CPU
		{F4869ED2-5E54-4052-9211-E83A7F08E190}.Debug|Any CPU.Build.0 = Debug|Any CPU
		{F4869ED2-5E54-4052-9211-E83A7F08E190}.Release|Any CPU.ActiveCfg = Release|Any CPU
		{F4869ED2-5E54-4052-9211-E83A7F08E190}.Release|Any CPU.Build.0 = Release|Any CPU
		{D2294B1F-D088-4CAD-9D71-61EF0C319C48}.Debug|Any CPU.ActiveCfg = Debug|Any CPU
		{D2294B1F-D088-4CAD-9D71-61EF0C319C48}.Debug|Any CPU.Build.0 = Debug|Any CPU
		{D2294B1F-D088-4CAD-9D71-61EF0C319C48}.Release|Any CPU.ActiveCfg = Release|Any CPU
		{D2294B1F-D088-4CAD-9D71-61EF0C319C48}.Release|Any CPU.Build.0 = Release|Any CPU
		{D6C2A47B-1105-4534-A3F5-06602C872DB5}.Debug|Any CPU.ActiveCfg = Debug|Any CPU
		{D6C2A47B-1105-4534-A3F5-06602C872DB5}.Debug|Any CPU.Build.0 = Debug|Any CPU
		{D6C2A47B-1105-4534-A3F5-06602C872DB5}.Release|Any CPU.ActiveCfg = Release|Any CPU
		{D6C2A47B-1105-4534-A3F5-06602C872DB5}.Release|Any CPU.Build.0 = Release|Any CPU
		{5A3EE507-0FEC-4F8E-8BC2-E7546907F6F0}.Debug|Any CPU.ActiveCfg = Debug|Any CPU
		{5A3EE507-0FEC-4F8E-8BC2-E7546907F6F0}.Debug|Any CPU.Build.0 = Debug|Any CPU
		{5A3EE507-0FEC-4F8E-8BC2-E7546907F6F0}.Release|Any CPU.ActiveCfg = Release|Any CPU
		{5A3EE507-0FEC-4F8E-8BC2-E7546907F6F0}.Release|Any CPU.Build.0 = Release|Any CPU
		{07FC0CE3-C064-4663-9962-1A06CD8BD544}.Debug|Any CPU.ActiveCfg = Debug|Any CPU
		{07FC0CE3-C064-4663-9962-1A06CD8BD544}.Debug|Any CPU.Build.0 = Debug|Any CPU
		{07FC0CE3-C064-4663-9962-1A06CD8BD544}.Release|Any CPU.ActiveCfg = Release|Any CPU
		{07FC0CE3-C064-4663-9962-1A06CD8BD544}.Release|Any CPU.Build.0 = Release|Any CPU
		{C61BBE7F-A556-44A4-8F3E-FA47445B9217}.Debug|Any CPU.ActiveCfg = Debug|Any CPU
		{C61BBE7F-A556-44A4-8F3E-FA47445B9217}.Debug|Any CPU.Build.0 = Debug|Any CPU
		{C61BBE7F-A556-44A4-8F3E-FA47445B9217}.Release|Any CPU.ActiveCfg = Release|Any CPU
		{C61BBE7F-A556-44A4-8F3E-FA47445B9217}.Release|Any CPU.Build.0 = Release|Any CPU
		{C65F2CCD-464C-44A9-910D-09F170A4AA65}.Debug|Any CPU.ActiveCfg = Debug|Any CPU
		{C65F2CCD-464C-44A9-910D-09F170A4AA65}.Debug|Any CPU.Build.0 = Debug|Any CPU
		{C65F2CCD-464C-44A9-910D-09F170A4AA65}.Release|Any CPU.ActiveCfg = Release|Any CPU
		{C65F2CCD-464C-44A9-910D-09F170A4AA65}.Release|Any CPU.Build.0 = Release|Any CPU
		{2553E8A2-FE66-42DC-B257-777132F21B56}.Debug|Any CPU.ActiveCfg = Debug|Any CPU
		{2553E8A2-FE66-42DC-B257-777132F21B56}.Debug|Any CPU.Build.0 = Debug|Any CPU
		{2553E8A2-FE66-42DC-B257-777132F21B56}.Release|Any CPU.ActiveCfg = Release|Any CPU
		{2553E8A2-FE66-42DC-B257-777132F21B56}.Release|Any CPU.Build.0 = Release|Any CPU
		{637649B5-DF75-4F47-8417-A1AE0E774122}.Debug|Any CPU.ActiveCfg = Debug|Any CPU
		{637649B5-DF75-4F47-8417-A1AE0E774122}.Debug|Any CPU.Build.0 = Debug|Any CPU
		{637649B5-DF75-4F47-8417-A1AE0E774122}.Release|Any CPU.ActiveCfg = Release|Any CPU
		{637649B5-DF75-4F47-8417-A1AE0E774122}.Release|Any CPU.Build.0 = Release|Any CPU
		{DD6079B4-D4A1-495F-A54E-EAD2FAAFEB18}.Debug|Any CPU.ActiveCfg = Debug|Any CPU
		{DD6079B4-D4A1-495F-A54E-EAD2FAAFEB18}.Debug|Any CPU.Build.0 = Debug|Any CPU
		{DD6079B4-D4A1-495F-A54E-EAD2FAAFEB18}.Release|Any CPU.ActiveCfg = Release|Any CPU
		{DD6079B4-D4A1-495F-A54E-EAD2FAAFEB18}.Release|Any CPU.Build.0 = Release|Any CPU
		{CBA5CC36-3875-4E31-8EBE-B24AF545B822}.Debug|Any CPU.ActiveCfg = Debug|Any CPU
		{CBA5CC36-3875-4E31-8EBE-B24AF545B822}.Debug|Any CPU.Build.0 = Debug|Any CPU
		{CBA5CC36-3875-4E31-8EBE-B24AF545B822}.Release|Any CPU.ActiveCfg = Release|Any CPU
		{CBA5CC36-3875-4E31-8EBE-B24AF545B822}.Release|Any CPU.Build.0 = Release|Any CPU
		{34CB55CD-2E95-4DC2-9198-D12BE8D94349}.Debug|Any CPU.ActiveCfg = Debug|Any CPU
		{34CB55CD-2E95-4DC2-9198-D12BE8D94349}.Debug|Any CPU.Build.0 = Debug|Any CPU
		{34CB55CD-2E95-4DC2-9198-D12BE8D94349}.Release|Any CPU.ActiveCfg = Release|Any CPU
		{34CB55CD-2E95-4DC2-9198-D12BE8D94349}.Release|Any CPU.Build.0 = Release|Any CPU
		{4FA1C132-21FD-4F33-A7D3-BA7A3C434CC5}.Debug|Any CPU.ActiveCfg = Debug|Any CPU
		{4FA1C132-21FD-4F33-A7D3-BA7A3C434CC5}.Debug|Any CPU.Build.0 = Debug|Any CPU
		{4FA1C132-21FD-4F33-A7D3-BA7A3C434CC5}.Release|Any CPU.ActiveCfg = Release|Any CPU
		{4FA1C132-21FD-4F33-A7D3-BA7A3C434CC5}.Release|Any CPU.Build.0 = Release|Any CPU
		{E80CEB4E-CD6B-424D-8D40-98AF0FC44F40}.Debug|Any CPU.ActiveCfg = Debug|Any CPU
		{E80CEB4E-CD6B-424D-8D40-98AF0FC44F40}.Debug|Any CPU.Build.0 = Debug|Any CPU
		{E80CEB4E-CD6B-424D-8D40-98AF0FC44F40}.Release|Any CPU.ActiveCfg = Release|Any CPU
		{E80CEB4E-CD6B-424D-8D40-98AF0FC44F40}.Release|Any CPU.Build.0 = Release|Any CPU
		{3B9C0CAF-C6FA-49B2-9055-F36CBF8A1BF9}.Debug|Any CPU.ActiveCfg = Debug|Any CPU
		{3B9C0CAF-C6FA-49B2-9055-F36CBF8A1BF9}.Debug|Any CPU.Build.0 = Debug|Any CPU
		{3B9C0CAF-C6FA-49B2-9055-F36CBF8A1BF9}.Release|Any CPU.ActiveCfg = Release|Any CPU
		{3B9C0CAF-C6FA-49B2-9055-F36CBF8A1BF9}.Release|Any CPU.Build.0 = Release|Any CPU
		{1BE2A0DD-8500-4B12-9078-72F8BF45A3DC}.Debug|Any CPU.ActiveCfg = Debug|Any CPU
		{1BE2A0DD-8500-4B12-9078-72F8BF45A3DC}.Debug|Any CPU.Build.0 = Debug|Any CPU
		{1BE2A0DD-8500-4B12-9078-72F8BF45A3DC}.Release|Any CPU.ActiveCfg = Release|Any CPU
		{1BE2A0DD-8500-4B12-9078-72F8BF45A3DC}.Release|Any CPU.Build.0 = Release|Any CPU
		{AE131D9B-8031-4D51-A8FB-432C2BED062B}.Debug|Any CPU.ActiveCfg = Debug|Any CPU
		{AE131D9B-8031-4D51-A8FB-432C2BED062B}.Debug|Any CPU.Build.0 = Debug|Any CPU
		{AE131D9B-8031-4D51-A8FB-432C2BED062B}.Release|Any CPU.ActiveCfg = Release|Any CPU
		{AE131D9B-8031-4D51-A8FB-432C2BED062B}.Release|Any CPU.Build.0 = Release|Any CPU
		{254A0172-D17A-421E-90B9-3E693D512613}.Debug|Any CPU.ActiveCfg = Debug|Any CPU
		{254A0172-D17A-421E-90B9-3E693D512613}.Debug|Any CPU.Build.0 = Debug|Any CPU
		{254A0172-D17A-421E-90B9-3E693D512613}.Release|Any CPU.ActiveCfg = Release|Any CPU
		{254A0172-D17A-421E-90B9-3E693D512613}.Release|Any CPU.Build.0 = Release|Any CPU
		{2B03D07E-AE1D-4C7C-8E0D-7CA6F4DEB0B7}.Debug|Any CPU.ActiveCfg = Debug|Any CPU
		{2B03D07E-AE1D-4C7C-8E0D-7CA6F4DEB0B7}.Debug|Any CPU.Build.0 = Debug|Any CPU
		{2B03D07E-AE1D-4C7C-8E0D-7CA6F4DEB0B7}.Release|Any CPU.ActiveCfg = Release|Any CPU
		{2B03D07E-AE1D-4C7C-8E0D-7CA6F4DEB0B7}.Release|Any CPU.Build.0 = Release|Any CPU
		{AE74EC85-9249-497F-999B-328128485691}.Debug|Any CPU.ActiveCfg = Debug|Any CPU
		{AE74EC85-9249-497F-999B-328128485691}.Debug|Any CPU.Build.0 = Debug|Any CPU
		{AE74EC85-9249-497F-999B-328128485691}.Release|Any CPU.ActiveCfg = Release|Any CPU
		{AE74EC85-9249-497F-999B-328128485691}.Release|Any CPU.Build.0 = Release|Any CPU
		{D6B63381-8B32-4ECE-ADC0-C9148E807C78}.Debug|Any CPU.ActiveCfg = Debug|Any CPU
		{D6B63381-8B32-4ECE-ADC0-C9148E807C78}.Debug|Any CPU.Build.0 = Debug|Any CPU
		{D6B63381-8B32-4ECE-ADC0-C9148E807C78}.Release|Any CPU.ActiveCfg = Release|Any CPU
		{D6B63381-8B32-4ECE-ADC0-C9148E807C78}.Release|Any CPU.Build.0 = Release|Any CPU
		{E27F84C2-9589-401B-87FB-F05BC4535A6F}.Debug|Any CPU.ActiveCfg = Debug|Any CPU
		{E27F84C2-9589-401B-87FB-F05BC4535A6F}.Debug|Any CPU.Build.0 = Debug|Any CPU
		{E27F84C2-9589-401B-87FB-F05BC4535A6F}.Release|Any CPU.ActiveCfg = Release|Any CPU
		{E27F84C2-9589-401B-87FB-F05BC4535A6F}.Release|Any CPU.Build.0 = Release|Any CPU
		{57192CE6-11BF-4587-94A2-CE24005A9EEB}.Debug|Any CPU.ActiveCfg = Debug|Any CPU
		{57192CE6-11BF-4587-94A2-CE24005A9EEB}.Debug|Any CPU.Build.0 = Debug|Any CPU
		{57192CE6-11BF-4587-94A2-CE24005A9EEB}.Release|Any CPU.ActiveCfg = Release|Any CPU
		{57192CE6-11BF-4587-94A2-CE24005A9EEB}.Release|Any CPU.Build.0 = Release|Any CPU
		{AA13D732-CA94-4EEF-B915-45E185354328}.Debug|Any CPU.ActiveCfg = Debug|Any CPU
		{AA13D732-CA94-4EEF-B915-45E185354328}.Debug|Any CPU.Build.0 = Debug|Any CPU
		{AA13D732-CA94-4EEF-B915-45E185354328}.Release|Any CPU.ActiveCfg = Release|Any CPU
		{AA13D732-CA94-4EEF-B915-45E185354328}.Release|Any CPU.Build.0 = Release|Any CPU
		{84185C67-7F7B-409C-AEE2-0870AE4AE57C}.Debug|Any CPU.ActiveCfg = Debug|Any CPU
		{84185C67-7F7B-409C-AEE2-0870AE4AE57C}.Debug|Any CPU.Build.0 = Debug|Any CPU
		{84185C67-7F7B-409C-AEE2-0870AE4AE57C}.Release|Any CPU.ActiveCfg = Release|Any CPU
		{84185C67-7F7B-409C-AEE2-0870AE4AE57C}.Release|Any CPU.Build.0 = Release|Any CPU
		{A1A8A57C-A1DB-4862-A04D-05453EF42BAC}.Debug|Any CPU.ActiveCfg = Debug|Any CPU
		{A1A8A57C-A1DB-4862-A04D-05453EF42BAC}.Debug|Any CPU.Build.0 = Debug|Any CPU
		{A1A8A57C-A1DB-4862-A04D-05453EF42BAC}.Release|Any CPU.ActiveCfg = Release|Any CPU
		{A1A8A57C-A1DB-4862-A04D-05453EF42BAC}.Release|Any CPU.Build.0 = Release|Any CPU
		{7CD43BF7-23DD-4415-AE73-9D847B0DE0AA}.Debug|Any CPU.ActiveCfg = Debug|Any CPU
		{7CD43BF7-23DD-4415-AE73-9D847B0DE0AA}.Debug|Any CPU.Build.0 = Debug|Any CPU
		{7CD43BF7-23DD-4415-AE73-9D847B0DE0AA}.Release|Any CPU.ActiveCfg = Release|Any CPU
		{7CD43BF7-23DD-4415-AE73-9D847B0DE0AA}.Release|Any CPU.Build.0 = Release|Any CPU
		{E6CFB882-3D64-4EC3-B5F8-D61751A294FB}.Debug|Any CPU.ActiveCfg = Debug|Any CPU
		{E6CFB882-3D64-4EC3-B5F8-D61751A294FB}.Debug|Any CPU.Build.0 = Debug|Any CPU
		{E6CFB882-3D64-4EC3-B5F8-D61751A294FB}.Release|Any CPU.ActiveCfg = Release|Any CPU
		{E6CFB882-3D64-4EC3-B5F8-D61751A294FB}.Release|Any CPU.Build.0 = Release|Any CPU
		{B0736D6B-0832-4B59-B5FE-5AB778D6D8E3}.Debug|Any CPU.ActiveCfg = Debug|Any CPU
		{B0736D6B-0832-4B59-B5FE-5AB778D6D8E3}.Debug|Any CPU.Build.0 = Debug|Any CPU
		{B0736D6B-0832-4B59-B5FE-5AB778D6D8E3}.Release|Any CPU.ActiveCfg = Release|Any CPU
		{B0736D6B-0832-4B59-B5FE-5AB778D6D8E3}.Release|Any CPU.Build.0 = Release|Any CPU
		{EE2DA5B5-3543-4F6A-968C-5F0DE66EEB8E}.Debug|Any CPU.ActiveCfg = Debug|Any CPU
		{EE2DA5B5-3543-4F6A-968C-5F0DE66EEB8E}.Debug|Any CPU.Build.0 = Debug|Any CPU
		{EE2DA5B5-3543-4F6A-968C-5F0DE66EEB8E}.Release|Any CPU.ActiveCfg = Release|Any CPU
		{EE2DA5B5-3543-4F6A-968C-5F0DE66EEB8E}.Release|Any CPU.Build.0 = Release|Any CPU
		{1FF14C5E-2AB3-4E26-9CA6-2E5C1103DD8C}.Debug|Any CPU.ActiveCfg = Debug|Any CPU
		{1FF14C5E-2AB3-4E26-9CA6-2E5C1103DD8C}.Debug|Any CPU.Build.0 = Debug|Any CPU
		{1FF14C5E-2AB3-4E26-9CA6-2E5C1103DD8C}.Release|Any CPU.ActiveCfg = Release|Any CPU
		{1FF14C5E-2AB3-4E26-9CA6-2E5C1103DD8C}.Release|Any CPU.Build.0 = Release|Any CPU
		{2A46BAE0-998A-4557-BB82-45518FBEBDD9}.Debug|Any CPU.ActiveCfg = Debug|Any CPU
		{2A46BAE0-998A-4557-BB82-45518FBEBDD9}.Debug|Any CPU.Build.0 = Debug|Any CPU
		{2A46BAE0-998A-4557-BB82-45518FBEBDD9}.Release|Any CPU.ActiveCfg = Release|Any CPU
		{2A46BAE0-998A-4557-BB82-45518FBEBDD9}.Release|Any CPU.Build.0 = Release|Any CPU
		{CA0AF742-9ED5-4C74-9B4B-BF2B0AC8BA4F}.Debug|Any CPU.ActiveCfg = Debug|Any CPU
		{CA0AF742-9ED5-4C74-9B4B-BF2B0AC8BA4F}.Debug|Any CPU.Build.0 = Debug|Any CPU
		{CA0AF742-9ED5-4C74-9B4B-BF2B0AC8BA4F}.Release|Any CPU.ActiveCfg = Release|Any CPU
		{CA0AF742-9ED5-4C74-9B4B-BF2B0AC8BA4F}.Release|Any CPU.Build.0 = Release|Any CPU
		{4F55E592-9885-49D3-907D-5FD5BBB2FECB}.Debug|Any CPU.ActiveCfg = Debug|Any CPU
		{4F55E592-9885-49D3-907D-5FD5BBB2FECB}.Debug|Any CPU.Build.0 = Debug|Any CPU
		{4F55E592-9885-49D3-907D-5FD5BBB2FECB}.Release|Any CPU.ActiveCfg = Release|Any CPU
		{4F55E592-9885-49D3-907D-5FD5BBB2FECB}.Release|Any CPU.Build.0 = Release|Any CPU
		{86CDF2B9-426F-487F-BD45-D415869C85EF}.Debug|Any CPU.ActiveCfg = Debug|Any CPU
		{86CDF2B9-426F-487F-BD45-D415869C85EF}.Debug|Any CPU.Build.0 = Debug|Any CPU
		{86CDF2B9-426F-487F-BD45-D415869C85EF}.Release|Any CPU.ActiveCfg = Release|Any CPU
		{86CDF2B9-426F-487F-BD45-D415869C85EF}.Release|Any CPU.Build.0 = Release|Any CPU
		{CAEA771E-9ACA-4F12-BF12-5867398B3F0E}.Debug|Any CPU.ActiveCfg = Debug|Any CPU
		{CAEA771E-9ACA-4F12-BF12-5867398B3F0E}.Debug|Any CPU.Build.0 = Debug|Any CPU
		{CAEA771E-9ACA-4F12-BF12-5867398B3F0E}.Release|Any CPU.ActiveCfg = Release|Any CPU
		{CAEA771E-9ACA-4F12-BF12-5867398B3F0E}.Release|Any CPU.Build.0 = Release|Any CPU
		{1AD73FB2-E435-424C-B8D7-198699F3BBBC}.Debug|Any CPU.ActiveCfg = Debug|Any CPU
		{1AD73FB2-E435-424C-B8D7-198699F3BBBC}.Debug|Any CPU.Build.0 = Debug|Any CPU
		{1AD73FB2-E435-424C-B8D7-198699F3BBBC}.Release|Any CPU.ActiveCfg = Release|Any CPU
		{1AD73FB2-E435-424C-B8D7-198699F3BBBC}.Release|Any CPU.Build.0 = Release|Any CPU
		{24B21428-536B-4ED5-BF13-6BAC6A06FB80}.Debug|Any CPU.ActiveCfg = Debug|Any CPU
		{24B21428-536B-4ED5-BF13-6BAC6A06FB80}.Debug|Any CPU.Build.0 = Debug|Any CPU
		{24B21428-536B-4ED5-BF13-6BAC6A06FB80}.Release|Any CPU.ActiveCfg = Release|Any CPU
		{24B21428-536B-4ED5-BF13-6BAC6A06FB80}.Release|Any CPU.Build.0 = Release|Any CPU
		{2F81EAA0-6B77-4304-8E38-FE3C28CE79E0}.Debug|Any CPU.ActiveCfg = Debug|Any CPU
		{2F81EAA0-6B77-4304-8E38-FE3C28CE79E0}.Debug|Any CPU.Build.0 = Debug|Any CPU
		{2F81EAA0-6B77-4304-8E38-FE3C28CE79E0}.Release|Any CPU.ActiveCfg = Release|Any CPU
		{2F81EAA0-6B77-4304-8E38-FE3C28CE79E0}.Release|Any CPU.Build.0 = Release|Any CPU
		{43031B59-296A-46B7-B778-AF0066EB77B7}.Debug|Any CPU.ActiveCfg = Debug|Any CPU
		{43031B59-296A-46B7-B778-AF0066EB77B7}.Debug|Any CPU.Build.0 = Debug|Any CPU
		{43031B59-296A-46B7-B778-AF0066EB77B7}.Release|Any CPU.ActiveCfg = Release|Any CPU
		{43031B59-296A-46B7-B778-AF0066EB77B7}.Release|Any CPU.Build.0 = Release|Any CPU
	EndGlobalSection
	GlobalSection(SolutionProperties) = preSolution
		HideSolutionNode = FALSE
	EndGlobalSection
	GlobalSection(NestedProjects) = preSolution
		{A2B6837B-6D7C-4636-B0B1-691A65CEF667} = {3F8ACCE4-5277-4FBD-83FC-F4B39C796F70}
		{0350957C-E63A-4945-9399-6954EE7CD6D2} = {3F8ACCE4-5277-4FBD-83FC-F4B39C796F70}
		{96BCB957-B713-4370-9F4D-424E3A85E4F5} = {3F8ACCE4-5277-4FBD-83FC-F4B39C796F70}
		{9A3981A0-EA51-46CA-A799-E9767DDBBD05} = {A0BF25FD-1238-4843-8AB9-6255F514FFDE}
		{82FA9459-1253-4BEA-BCD0-63873476E8AB} = {9A3981A0-EA51-46CA-A799-E9767DDBBD05}
		{18DD0FDF-1AE5-4099-B54E-43615FB3D3D0} = {9A3981A0-EA51-46CA-A799-E9767DDBBD05}
		{0F05E124-70D3-43D2-B4F5-4A1C10B01198} = {18DD0FDF-1AE5-4099-B54E-43615FB3D3D0}
		{9E87A5CC-6E3F-4915-9F67-7D8EEDCFEFD9} = {18DD0FDF-1AE5-4099-B54E-43615FB3D3D0}
		{A1E90898-346E-4B12-89A4-AFDD3B12AEA6} = {18DD0FDF-1AE5-4099-B54E-43615FB3D3D0}
		{0450E875-383D-41ED-81FA-A165204AF085} = {18DD0FDF-1AE5-4099-B54E-43615FB3D3D0}
		{12FB8EB0-51AB-4BCF-BD23-B296F85D047A} = {18DD0FDF-1AE5-4099-B54E-43615FB3D3D0}
		{B6A14BA9-BC9F-408A-BD52-31D26CACE903} = {18DD0FDF-1AE5-4099-B54E-43615FB3D3D0}
		{5FB86F58-CE4B-4523-BD6B-842E531EA1B8} = {82FA9459-1253-4BEA-BCD0-63873476E8AB}
		{9F11CE26-C2C8-4F06-B454-6374CBC66EBD} = {9A3981A0-EA51-46CA-A799-E9767DDBBD05}
		{9C3E26F8-E9A0-46C1-9616-9530CCCB84F6} = {9A3981A0-EA51-46CA-A799-E9767DDBBD05}
		{919328DF-1E28-4BC1-A4A3-7864D2EEF8E8} = {9A3981A0-EA51-46CA-A799-E9767DDBBD05}
		{1038A4F6-E393-4A80-A7D5-F34BCE77EE95} = {9A3981A0-EA51-46CA-A799-E9767DDBBD05}
		{86D0AEEE-A675-4B81-A5AE-BC08F9C92803} = {A0BF25FD-1238-4843-8AB9-6255F514FFDE}
		{77C4E24B-11C3-4777-88E6-F070D4E24679} = {86D0AEEE-A675-4B81-A5AE-BC08F9C92803}
		{F4869ED2-5E54-4052-9211-E83A7F08E190} = {77C4E24B-11C3-4777-88E6-F070D4E24679}
		{D2294B1F-D088-4CAD-9D71-61EF0C319C48} = {77C4E24B-11C3-4777-88E6-F070D4E24679}
		{A082CE35-1DA2-45DB-B3C3-C79FE26E3182} = {86D0AEEE-A675-4B81-A5AE-BC08F9C92803}
		{D6C2A47B-1105-4534-A3F5-06602C872DB5} = {A082CE35-1DA2-45DB-B3C3-C79FE26E3182}
		{5A3EE507-0FEC-4F8E-8BC2-E7546907F6F0} = {A082CE35-1DA2-45DB-B3C3-C79FE26E3182}
		{07FC0CE3-C064-4663-9962-1A06CD8BD544} = {A082CE35-1DA2-45DB-B3C3-C79FE26E3182}
		{C61BBE7F-A556-44A4-8F3E-FA47445B9217} = {A082CE35-1DA2-45DB-B3C3-C79FE26E3182}
		{C65F2CCD-464C-44A9-910D-09F170A4AA65} = {A082CE35-1DA2-45DB-B3C3-C79FE26E3182}
		{2553E8A2-FE66-42DC-B257-777132F21B56} = {86D0AEEE-A675-4B81-A5AE-BC08F9C92803}
		{637649B5-DF75-4F47-8417-A1AE0E774122} = {86D0AEEE-A675-4B81-A5AE-BC08F9C92803}
		{B73144DE-9449-42F1-A63D-86D609EA6C52} = {A0BF25FD-1238-4843-8AB9-6255F514FFDE}
		{B773FF10-0FEC-4E92-8FBC-32B79DA3DA75} = {B73144DE-9449-42F1-A63D-86D609EA6C52}
		{DD6079B4-D4A1-495F-A54E-EAD2FAAFEB18} = {B773FF10-0FEC-4E92-8FBC-32B79DA3DA75}
		{41A955CE-E424-4940-AD9C-AB4FC08EA4D4} = {B73144DE-9449-42F1-A63D-86D609EA6C52}
		{CBA5CC36-3875-4E31-8EBE-B24AF545B822} = {41A955CE-E424-4940-AD9C-AB4FC08EA4D4}
		{34CB55CD-2E95-4DC2-9198-D12BE8D94349} = {41A955CE-E424-4940-AD9C-AB4FC08EA4D4}
		{4FA1C132-21FD-4F33-A7D3-BA7A3C434CC5} = {41A955CE-E424-4940-AD9C-AB4FC08EA4D4}
		{E80CEB4E-CD6B-424D-8D40-98AF0FC44F40} = {41A955CE-E424-4940-AD9C-AB4FC08EA4D4}
		{3B9C0CAF-C6FA-49B2-9055-F36CBF8A1BF9} = {41A955CE-E424-4940-AD9C-AB4FC08EA4D4}
		{1BE2A0DD-8500-4B12-9078-72F8BF45A3DC} = {41A955CE-E424-4940-AD9C-AB4FC08EA4D4}
		{AE131D9B-8031-4D51-A8FB-432C2BED062B} = {41A955CE-E424-4940-AD9C-AB4FC08EA4D4}
		{254A0172-D17A-421E-90B9-3E693D512613} = {41A955CE-E424-4940-AD9C-AB4FC08EA4D4}
		{2B03D07E-AE1D-4C7C-8E0D-7CA6F4DEB0B7} = {41A955CE-E424-4940-AD9C-AB4FC08EA4D4}
		{AE74EC85-9249-497F-999B-328128485691} = {41A955CE-E424-4940-AD9C-AB4FC08EA4D4}
		{D6B63381-8B32-4ECE-ADC0-C9148E807C78} = {41A955CE-E424-4940-AD9C-AB4FC08EA4D4}
		{E27F84C2-9589-401B-87FB-F05BC4535A6F} = {B73144DE-9449-42F1-A63D-86D609EA6C52}
		{57192CE6-11BF-4587-94A2-CE24005A9EEB} = {B73144DE-9449-42F1-A63D-86D609EA6C52}
		{AA13D732-CA94-4EEF-B915-45E185354328} = {B73144DE-9449-42F1-A63D-86D609EA6C52}
		{79303FD3-E3EE-4B57-BBDC-AFF7EBC56AFD} = {A0BF25FD-1238-4843-8AB9-6255F514FFDE}
		{0DBD4A79-928C-47E4-9CE0-9237938BBBDF} = {79303FD3-E3EE-4B57-BBDC-AFF7EBC56AFD}
		{84185C67-7F7B-409C-AEE2-0870AE4AE57C} = {0DBD4A79-928C-47E4-9CE0-9237938BBBDF}
		{A1A8A57C-A1DB-4862-A04D-05453EF42BAC} = {0DBD4A79-928C-47E4-9CE0-9237938BBBDF}
		{ACCAAED2-3AF2-4CF0-BF6B-AF420E9841B5} = {79303FD3-E3EE-4B57-BBDC-AFF7EBC56AFD}
		{7CD43BF7-23DD-4415-AE73-9D847B0DE0AA} = {ACCAAED2-3AF2-4CF0-BF6B-AF420E9841B5}
		{E6CFB882-3D64-4EC3-B5F8-D61751A294FB} = {ACCAAED2-3AF2-4CF0-BF6B-AF420E9841B5}
		{B0736D6B-0832-4B59-B5FE-5AB778D6D8E3} = {ACCAAED2-3AF2-4CF0-BF6B-AF420E9841B5}
		{EE2DA5B5-3543-4F6A-968C-5F0DE66EEB8E} = {ACCAAED2-3AF2-4CF0-BF6B-AF420E9841B5}
		{1FF14C5E-2AB3-4E26-9CA6-2E5C1103DD8C} = {ACCAAED2-3AF2-4CF0-BF6B-AF420E9841B5}
		{2A46BAE0-998A-4557-BB82-45518FBEBDD9} = {ACCAAED2-3AF2-4CF0-BF6B-AF420E9841B5}
		{CA0AF742-9ED5-4C74-9B4B-BF2B0AC8BA4F} = {ACCAAED2-3AF2-4CF0-BF6B-AF420E9841B5}
		{4F55E592-9885-49D3-907D-5FD5BBB2FECB} = {ACCAAED2-3AF2-4CF0-BF6B-AF420E9841B5}
		{86CDF2B9-426F-487F-BD45-D415869C85EF} = {ACCAAED2-3AF2-4CF0-BF6B-AF420E9841B5}
		{CAEA771E-9ACA-4F12-BF12-5867398B3F0E} = {ACCAAED2-3AF2-4CF0-BF6B-AF420E9841B5}
		{1AD73FB2-E435-424C-B8D7-198699F3BBBC} = {ACCAAED2-3AF2-4CF0-BF6B-AF420E9841B5}
		{24B21428-536B-4ED5-BF13-6BAC6A06FB80} = {ACCAAED2-3AF2-4CF0-BF6B-AF420E9841B5}
		{2F81EAA0-6B77-4304-8E38-FE3C28CE79E0} = {79303FD3-E3EE-4B57-BBDC-AFF7EBC56AFD}
		{43031B59-296A-46B7-B778-AF0066EB77B7} = {79303FD3-E3EE-4B57-BBDC-AFF7EBC56AFD}
	EndGlobalSection
	GlobalSection(ExtensibilityGlobals) = postSolution
		SolutionGuid = {15FE02FB-BDBA-4016-B958-EB31A71E7634}
	EndGlobalSection
EndGlobal
